PODS:
  - Mantle (1.3.1):
    - Mantle/extobjc (= 1.3.1)
  - Mantle/extobjc (1.3.1)
  - Masonry (0.6.1)
  - OHHTTPStubs (3.1.7):
    - OHHTTPStubs/Core (= 3.1.7)
  - OHHTTPStubs/Core (3.1.7)
  - SDWebImage (3.7.1):
    - SDWebImage/Core (= 3.7.1)
  - SDWebImage/Core (3.7.1)

DEPENDENCIES:
  - Mantle (= 1.3.1)
  - Masonry (= 0.6.1)
  - OHHTTPStubs (= 3.1.7)
  - SDWebImage (= 3.7.1)

SPEC CHECKSUMS:
  Mantle: a516570b84c3cefb34b02647a6588a087dddc490
  Masonry: 4972309f2f134de9dd312f4dc4a21359b50e6caa
  OHHTTPStubs: a48e52fe6091ad5784714e4c7c034b481c7023bf
  SDWebImage: ed3095af2ff88b436426037444979b917f6c5575

COCOAPODS: 0.38.2
